
Microsoft Visual Studio Solution File, Format Version 12.00
# Visual Studio Version 16
VisualStudioVersion = 16.0.31410.357
MinimumVisualStudioVersion = 10.0.40219.1
Project("{8BC9CEB8-8B4A-11D0-8D11-00A0C91BC942}") = "max_ble", "vs\max-ble\max_ble.vcxproj", "{DF4B6B02-2063-4CD1-A7F4-0EC7CAEDFA94}"
EndProject
Global
	GlobalSection(SolutionConfigurationPlatforms) = preSolution
		Debug|x64 = Debug|x64
		Debug|x86 = Debug|x86
		Release|x64 = Release|x64
		Release|x86 = Release|x86
	EndGlobalSection
	GlobalSection(ProjectConfigurationPlatforms) = postSolution
		{DF4B6B02-2063-4CD1-A7F4-0EC7CAEDFA94}.Debug|x64.ActiveCfg = Debug|x64
		{DF4B6B02-2063-4CD1-A7F4-0EC7CAEDFA94}.Debug|x64.Build.0 = Debug|x64
		{DF4B6B02-2063-4CD1-A7F4-0EC7CAEDFA94}.Debug|x86.ActiveCfg = Debug|x64
		{DF4B6B02-2063-4CD1-A7F4-0EC7CAEDFA94}.Release|x64.ActiveCfg = Release|x64
		{DF4B6B02-2063-4CD1-A7F4-0EC7CAEDFA94}.Release|x64.Build.0 = Release|x64
		{DF4B6B02-2063-4CD1-A7F4-0EC7CAEDFA94}.Release|x86.ActiveCfg = Release|x64
	EndGlobalSection
	GlobalSection(SolutionProperties) = preSolution
		HideSolutionNode = FALSE
	EndGlobalSection
	GlobalSection(ExtensibilityGlobals) = postSolution
		SolutionGuid = {46D1651E-BB5B-4628-B2C7-28D95851657F}
	EndGlobalSection
EndGlobal
