// !$*UTF8*$!
{
	archiveVersion = 1;
	classes = {
	};
	objectVersion = 46;
	objects = {

/* Begin PBXBuildFile section */
		58567A42242A0A0A00271066 /* main.c in Sources */ = {isa = PBXBuildFile; fileRef = 58567A39242A0A0A00271066 /* main.c */; };
		58567A49242A0A0A00271066 /* MattsOscsCinterface.cpp in Sources */ = {isa = PBXBuildFile; fileRef = 58567A3E242A0A0A00271066 /* MattsOscsCinterface.cpp */; };
		58567A4B242A0A0A00271066 /* MattsOscs.cpp in Sources */ = {isa = PBXBuildFile; fileRef = 58567A3F242A0A0A00271066 /* MattsOscs.cpp */; };
		58567A4F242A0A0A00271066 /* main.c in Sources */ = {isa = PBXBuildFile; fileRef = 58567A41242A0A0A00271066 /* main.c */; };
/* End PBXBuildFile section */

/* Begin PBXFileReference section */
		2FBBEAE508F335360078DB84 /* mymspextern~.mxo */ = {isa = PBXFileReference; explicitFileType = wrapper.cfbundle; includeInIndex = 0; path = "mymspextern~.mxo"; sourceTree = BUILT_PRODUCTS_DIR; };
		5848C4AB241B9E3500406164 /* mspcpp~.mxo */ = {isa = PBXFileReference; explicitFileType = wrapper.cfbundle; includeInIndex = 0; path = "mspcpp~.mxo"; sourceTree = BUILT_PRODUCTS_DIR; };
		58567A39242A0A0A00271066 /* main.c */ = {isa = PBXFileReference; fileEncoding = 4; lastKnownFileType = sourcecode.c.c; path = main.c; sourceTree = "<group>"; };
		58567A3C242A0A0A00271066 /* MattsOscsCinterface.h */ = {isa = PBXFileReference; fileEncoding = 4; lastKnownFileType = sourcecode.c.h; path = MattsOscsCinterface.h; sourceTree = "<group>"; };
		58567A3D242A0A0A00271066 /* MattsOscs.hpp */ = {isa = PBXFileReference; fileEncoding = 4; lastKnownFileType = sourcecode.cpp.h; path = MattsOscs.hpp; sourceTree = "<group>"; };
		58567A3E242A0A0A00271066 /* MattsOscsCinterface.cpp */ = {isa = PBXFileReference; fileEncoding = 4; lastKnownFileType = sourcecode.cpp.cpp; path = MattsOscsCinterface.cpp; sourceTree = "<group>"; };
		58567A3F242A0A0A00271066 /* MattsOscs.cpp */ = {isa = PBXFileReference; fileEncoding = 4; lastKnownFileType = sourcecode.cpp.cpp; path = MattsOscs.cpp; sourceTree = "<group>"; };
		58567A40242A0A0A00271066 /* switch_string.h */ = {isa = PBXFileReference; fileEncoding = 4; lastKnownFileType = sourcecode.c.h; path = switch_string.h; sourceTree = "<group>"; };
		58567A41242A0A0A00271066 /* main.c */ = {isa = PBXFileReference; fileEncoding = 4; lastKnownFileType = sourcecode.c.c; path = main.c; sourceTree = "<group>"; };
		5868BA8D241A6C1600152060 /* maxmspsdk.xcconfig */ = {isa = PBXFileReference; fileEncoding = 4; lastKnownFileType = text.xcconfig; path = maxmspsdk.xcconfig; sourceTree = "<group>"; };
/* End PBXFileReference section */

/* Begin PBXGroup section */
		089C166AFE841209C02AAC07 /* iterator */ = {
			isa = PBXGroup;
			children = (
				58567A37242A0A0A00271066 /* src */,
				19C28FB4FE9D528D11CA2CBB /* Products */,
			);
			name = iterator;
			sourceTree = "<group>";
		};
		19C28FB4FE9D528D11CA2CBB /* Products */ = {
			isa = PBXGroup;
			children = (
				2FBBEAE508F335360078DB84 /* mymspextern~.mxo */,
				5848C4AB241B9E3500406164 /* mspcpp~.mxo */,
			);
			name = Products;
			sourceTree = "<group>";
		};
		58567A37242A0A0A00271066 /* src */ = {
			isa = PBXGroup;
			children = (
				5868BA8D241A6C1600152060 /* maxmspsdk.xcconfig */,
				58567A38242A0A0A00271066 /* mymspextern */,
				58567A3A242A0A0A00271066 /* mspcpp */,
			);
			path = src;
			sourceTree = "<group>";
		};
		58567A38242A0A0A00271066 /* mymspextern */ = {
			isa = PBXGroup;
			children = (
				58567A39242A0A0A00271066 /* main.c */,
			);
			path = mymspextern;
			sourceTree = "<group>";
		};
		58567A3A242A0A0A00271066 /* mspcpp */ = {
			isa = PBXGroup;
			children = (
				58567A3B242A0A0A00271066 /* cpp_files */,
				58567A40242A0A0A00271066 /* switch_string.h */,
				58567A41242A0A0A00271066 /* main.c */,
			);
			path = mspcpp;
			sourceTree = "<group>";
		};
		58567A3B242A0A0A00271066 /* cpp_files */ = {
			isa = PBXGroup;
			children = (
				58567A3C242A0A0A00271066 /* MattsOscsCinterface.h */,
				58567A3D242A0A0A00271066 /* MattsOscs.hpp */,
				58567A3E242A0A0A00271066 /* MattsOscsCinterface.cpp */,
				58567A3F242A0A0A00271066 /* MattsOscs.cpp */,
			);
			path = cpp_files;
			sourceTree = "<group>";
		};
/* End PBXGroup section */

/* Begin PBXNativeTarget section */
		2FBBEAD608F335360078DB84 /* max-external */ = {
			isa = PBXNativeTarget;
			buildConfigurationList = 2FBBEAE008F335360078DB84 /* Build configuration list for PBXNativeTarget "max-external" */;
			buildPhases = (
				589FD427242A26FE00C7C9DC /* ShellScript */,
				2FBBEADA08F335360078DB84 /* Sources */,
				2FBBEADF08F335360078DB84 /* Rez */,
			);
			buildRules = (
			);
			dependencies = (
			);
			name = "max-external";
			productName = iterator;
			productReference = 2FBBEAE508F335360078DB84 /* mymspextern~.mxo */;
			productType = "com.apple.product-type.bundle";
		};
		5848C4A0241B9E3500406164 /* mspcpp~ */ = {
			isa = PBXNativeTarget;
			buildConfigurationList = 5848C4A8241B9E3500406164 /* Build configuration list for PBXNativeTarget "mspcpp~" */;
			buildPhases = (
				5848C4A4241B9E3500406164 /* Sources */,
				5848C4A7241B9E3500406164 /* Rez */,
			);
			buildRules = (
			);
			dependencies = (
			);
			name = "mspcpp~";
			productName = iterator;
			productReference = 5848C4AB241B9E3500406164 /* mspcpp~.mxo */;
			productType = "com.apple.product-type.bundle";
		};
/* End PBXNativeTarget section */

/* Begin PBXProject section */
		089C1669FE841209C02AAC07 /* Project object */ = {
			isa = PBXProject;
			attributes = {
				LastUpgradeCheck = 1130;
			};
			buildConfigurationList = 2FBBEACF08F335010078DB84 /* Build configuration list for PBXProject "mymspextern~" */;
			compatibilityVersion = "Xcode 3.2";
			developmentRegion = English;
			hasScannedForEncodings = 1;
			knownRegions = (
				English,
				Japanese,
				French,
				German,
			);
			mainGroup = 089C166AFE841209C02AAC07 /* iterator */;
			projectDirPath = "";
			projectRoot = "";
			targets = (
				2FBBEAD608F335360078DB84 /* max-external */,
				5848C4A0241B9E3500406164 /* mspcpp~ */,
			);
		};
/* End PBXProject section */

/* Begin PBXRezBuildPhase section */
		2FBBEADF08F335360078DB84 /* Rez */ = {
			isa = PBXRezBuildPhase;
			buildActionMask = 2147483647;
			files = (
			);
			runOnlyForDeploymentPostprocessing = 0;
		};
		5848C4A7241B9E3500406164 /* Rez */ = {
			isa = PBXRezBuildPhase;
			buildActionMask = 2147483647;
			files = (
			);
			runOnlyForDeploymentPostprocessing = 0;
		};
/* End PBXRezBuildPhase section */

/* Begin PBXShellScriptBuildPhase section */
		589FD427242A26FE00C7C9DC /* ShellScript */ = {
			isa = PBXShellScriptBuildPhase;
			buildActionMask = 2147483647;
			files = (
			);
			inputFileListPaths = (
			);
			inputPaths = (
			);
			outputFileListPaths = (
			);
			outputPaths = (
			);
			runOnlyForDeploymentPostprocessing = 0;
			shellPath = /bin/sh;
			shellScript = "# Type a script or drag a script file from your workspace to insert its path.\n\nif [[ ! \"$(ls -A max-sdk)\" ]]; then git submodule update --init;fi\n\n";
		};
/* End PBXShellScriptBuildPhase section */

/* Begin PBXSourcesBuildPhase section */
		2FBBEADA08F335360078DB84 /* Sources */ = {
			isa = PBXSourcesBuildPhase;
			buildActionMask = 2147483647;
			files = (
				58567A42242A0A0A00271066 /* main.c in Sources */,
			);
			runOnlyForDeploymentPostprocessing = 0;
		};
		5848C4A4241B9E3500406164 /* Sources */ = {
			isa = PBXSourcesBuildPhase;
			buildActionMask = 2147483647;
			files = (
				58567A4F242A0A0A00271066 /* main.c in Sources */,
				58567A4B242A0A0A00271066 /* MattsOscs.cpp in Sources */,
				58567A49242A0A0A00271066 /* MattsOscsCinterface.cpp in Sources */,
			);
			runOnlyForDeploymentPostprocessing = 0;
		};
/* End PBXSourcesBuildPhase section */

/* Begin XCBuildConfiguration section */
		2FBBEAD008F335010078DB84 /* Development */ = {
			isa = XCBuildConfiguration;
			buildSettings = {
				ALWAYS_SEARCH_USER_PATHS = YES;
				CLANG_ANALYZER_LOCALIZABILITY_NONLOCALIZED = YES;
				CLANG_WARN_BLOCK_CAPTURE_AUTORELEASING = YES;
				CLANG_WARN_BOOL_CONVERSION = YES;
				CLANG_WARN_COMMA = YES;
				CLANG_WARN_CONSTANT_CONVERSION = YES;
				CLANG_WARN_DEPRECATED_OBJC_IMPLEMENTATIONS = YES;
				CLANG_WARN_EMPTY_BODY = YES;
				CLANG_WARN_ENUM_CONVERSION = YES;
				CLANG_WARN_INFINITE_RECURSION = YES;
				CLANG_WARN_INT_CONVERSION = YES;
				CLANG_WARN_NON_LITERAL_NULL_CONVERSION = YES;
				CLANG_WARN_OBJC_IMPLICIT_RETAIN_SELF = YES;
				CLANG_WARN_OBJC_LITERAL_CONVERSION = YES;
				CLANG_WARN_RANGE_LOOP_ANALYSIS = YES;
				CLANG_WARN_STRICT_PROTOTYPES = YES;
				CLANG_WARN_SUSPICIOUS_MOVE = YES;
				CLANG_WARN_UNREACHABLE_CODE = YES;
				CLANG_WARN__DUPLICATE_METHOD_MATCH = YES;
				ENABLE_STRICT_OBJC_MSGSEND = YES;
				ENABLE_TESTABILITY = YES;
				GCC_NO_COMMON_BLOCKS = YES;
				GCC_WARN_64_TO_32_BIT_CONVERSION = YES;
				GCC_WARN_ABOUT_RETURN_TYPE = YES;
				GCC_WARN_UNDECLARED_SELECTOR = YES;
				GCC_WARN_UNINITIALIZED_AUTOS = YES;
				GCC_WARN_UNUSED_FUNCTION = YES;
				GCC_WARN_UNUSED_VARIABLE = YES;
				ONLY_ACTIVE_ARCH = YES;
				SDKROOT = "macos-sdk/MacOSX10.11.sdk";
			};
			name = Development;
		};
		2FBBEAD108F335010078DB84 /* Deployment */ = {
			isa = XCBuildConfiguration;
			buildSettings = {
				ALWAYS_SEARCH_USER_PATHS = YES;
				CLANG_ANALYZER_LOCALIZABILITY_NONLOCALIZED = YES;
				CLANG_WARN_BLOCK_CAPTURE_AUTORELEASING = YES;
				CLANG_WARN_BOOL_CONVERSION = YES;
				CLANG_WARN_COMMA = YES;
				CLANG_WARN_CONSTANT_CONVERSION = YES;
				CLANG_WARN_DEPRECATED_OBJC_IMPLEMENTATIONS = YES;
				CLANG_WARN_EMPTY_BODY = YES;
				CLANG_WARN_ENUM_CONVERSION = YES;
				CLANG_WARN_INFINITE_RECURSION = YES;
				CLANG_WARN_INT_CONVERSION = YES;
				CLANG_WARN_NON_LITERAL_NULL_CONVERSION = YES;
				CLANG_WARN_OBJC_IMPLICIT_RETAIN_SELF = YES;
				CLANG_WARN_OBJC_LITERAL_CONVERSION = YES;
				CLANG_WARN_RANGE_LOOP_ANALYSIS = YES;
				CLANG_WARN_STRICT_PROTOTYPES = YES;
				CLANG_WARN_SUSPICIOUS_MOVE = YES;
				CLANG_WARN_UNREACHABLE_CODE = YES;
				CLANG_WARN__DUPLICATE_METHOD_MATCH = YES;
				ENABLE_STRICT_OBJC_MSGSEND = YES;
				GCC_NO_COMMON_BLOCKS = YES;
				GCC_WARN_64_TO_32_BIT_CONVERSION = YES;
				GCC_WARN_ABOUT_RETURN_TYPE = YES;
				GCC_WARN_UNDECLARED_SELECTOR = YES;
				GCC_WARN_UNINITIALIZED_AUTOS = YES;
				GCC_WARN_UNUSED_FUNCTION = YES;
				GCC_WARN_UNUSED_VARIABLE = YES;
				SDKROOT = "macos-sdk/MacOSX10.11.sdk";
			};
			name = Deployment;
		};
		2FBBEAE108F335360078DB84 /* Development */ = {
			isa = XCBuildConfiguration;
			baseConfigurationReference = 5868BA8D241A6C1600152060 /* maxmspsdk.xcconfig */;
			buildSettings = {
				ALWAYS_SEARCH_USER_PATHS = YES;
				C74_SYM_LINKER_FLAGS = "@$(C74SUPPORT)/max-includes/c74_linker_flags.txt\"";
				CLANG_ENABLE_OBJC_WEAK = YES;
				CLANG_WARN_PRIVATE_MODULE = NO;
				COPY_PHASE_STRIP = NO;
				GCC_OPTIMIZATION_LEVEL = 0;
				GCC_PREFIX_HEADER = "$(C74SUPPORT)/max-includes/macho-prefix.pch";
				INFOPLIST_FILE = "";
				PRODUCT_BUNDLE_IDENTIFIER = "com.cycling74.${PRODUCT_NAME:rfc1034identifier}";
				PRODUCT_NAME = "mymspextern~";
				SDKROOT = "macos-sdk/MacOSX10.11.sdk";
			};
			name = Development;
		};
		2FBBEAE208F335360078DB84 /* Deployment */ = {
			isa = XCBuildConfiguration;
			baseConfigurationReference = 5868BA8D241A6C1600152060 /* maxmspsdk.xcconfig */;
			buildSettings = {
				ALWAYS_SEARCH_USER_PATHS = YES;
				C74_SYM_LINKER_FLAGS = "@$(C74SUPPORT)/max-includes/c74_linker_flags.txt\"";
				CLANG_ENABLE_OBJC_WEAK = YES;
				CLANG_WARN_PRIVATE_MODULE = NO;
				COPY_PHASE_STRIP = YES;
				GCC_PREFIX_HEADER = "$(C74SUPPORT)/max-includes/macho-prefix.pch";
				INFOPLIST_FILE = "";
				PRODUCT_BUNDLE_IDENTIFIER = "com.cycling74.${PRODUCT_NAME:rfc1034identifier}";
				PRODUCT_NAME = "mymspextern~";
				SDKROOT = "macos-sdk/MacOSX10.11.sdk";
			};
			name = Deployment;
		};
		5848C4A9241B9E3500406164 /* Development */ = {
			isa = XCBuildConfiguration;
			baseConfigurationReference = 5868BA8D241A6C1600152060 /* maxmspsdk.xcconfig */;
			buildSettings = {
				C74_SYM_LINKER_FLAGS = "@$(C74SUPPORT)/max-includes/c74_linker_flags.txt\"";
				CLANG_ENABLE_OBJC_WEAK = YES;
				COPY_PHASE_STRIP = NO;
				GCC_OPTIMIZATION_LEVEL = 0;
				GCC_PREFIX_HEADER = "$(C74SUPPORT)/max-includes/macho-prefix.pch";
				INFOPLIST_FILE = "";
				PRODUCT_BUNDLE_IDENTIFIER = "com.cycling74.${PRODUCT_NAME:rfc1034identifier}";
				PRODUCT_NAME = "$(TARGET_NAME)";
				SDKROOT = "macos-sdk/MacOSX10.11.sdk";
			};
			name = Development;
		};
		5848C4AA241B9E3500406164 /* Deployment */ = {
			isa = XCBuildConfiguration;
			baseConfigurationReference = 5868BA8D241A6C1600152060 /* maxmspsdk.xcconfig */;
			buildSettings = {
				C74_SYM_LINKER_FLAGS = "@$(C74SUPPORT)/max-includes/c74_linker_flags.txt\"";
				CLANG_ENABLE_OBJC_WEAK = YES;
				COPY_PHASE_STRIP = YES;
				GCC_PREFIX_HEADER = "$(C74SUPPORT)/max-includes/macho-prefix.pch";
				INFOPLIST_FILE = "";
				PRODUCT_BUNDLE_IDENTIFIER = "com.cycling74.${PRODUCT_NAME:rfc1034identifier}";
				PRODUCT_NAME = "$(TARGET_NAME)";
				SDKROOT = "macos-sdk/MacOSX10.11.sdk";
			};
			name = Deployment;
		};
/* End XCBuildConfiguration section */

/* Begin XCConfigurationList section */
		2FBBEACF08F335010078DB84 /* Build configuration list for PBXProject "mymspextern~" */ = {
			isa = XCConfigurationList;
			buildConfigurations = (
				2FBBEAD008F335010078DB84 /* Development */,
				2FBBEAD108F335010078DB84 /* Deployment */,
			);
			defaultConfigurationIsVisible = 0;
			defaultConfigurationName = Development;
		};
		2FBBEAE008F335360078DB84 /* Build configuration list for PBXNativeTarget "max-external" */ = {
			isa = XCConfigurationList;
			buildConfigurations = (
				2FBBEAE108F335360078DB84 /* Development */,
				2FBBEAE208F335360078DB84 /* Deployment */,
			);
			defaultConfigurationIsVisible = 0;
			defaultConfigurationName = Development;
		};
		5848C4A8241B9E3500406164 /* Build configuration list for PBXNativeTarget "mspcpp~" */ = {
			isa = XCConfigurationList;
			buildConfigurations = (
				5848C4A9241B9E3500406164 /* Development */,
				5848C4AA241B9E3500406164 /* Deployment */,
			);
			defaultConfigurationIsVisible = 0;
			defaultConfigurationName = Development;
		};
/* End XCConfigurationList section */
	};
	rootObject = 089C1669FE841209C02AAC07 /* Project object */;
}
