
Microsoft Visual Studio Solution File, Format Version 12.00
# Visual Studio Version 16
VisualStudioVersion = 16.0.31410.357
MinimumVisualStudioVersion = 10.0.40219.1
Project("{8BC9CEB8-8B4A-11D0-8D11-00A0C91BC942}") = "dummy", "dummy.vcxproj", "{D7D2B050-0FAC-4326-89AD-C82254541416}"
EndProject
Project("{8BC9CEB8-8B4A-11D0-8D11-00A0C91BC942}") = "maxmsp-ble", "maxmsp-ble\maxmsp-ble.vcxproj", "{9E4B5817-A909-4045-8275-7F9418CFABAC}"
EndProject
Global
	GlobalSection(SolutionConfigurationPlatforms) = preSolution
		Debug|x64 = Debug|x64
		Debug|x86 = Debug|x86
		Release|x64 = Release|x64
		Release|x86 = Release|x86
	EndGlobalSection
	GlobalSection(ProjectConfigurationPlatforms) = postSolution
		{D7D2B050-0FAC-4326-89AD-C82254541416}.Debug|x64.ActiveCfg = Debug|x64
		{D7D2B050-0FAC-4326-89AD-C82254541416}.Debug|x64.Build.0 = Debug|x64
		{D7D2B050-0FAC-4326-89AD-C82254541416}.Debug|x86.ActiveCfg = Debug|Win32
		{D7D2B050-0FAC-4326-89AD-C82254541416}.Debug|x86.Build.0 = Debug|Win32
		{D7D2B050-0FAC-4326-89AD-C82254541416}.Release|x64.ActiveCfg = Release|x64
		{D7D2B050-0FAC-4326-89AD-C82254541416}.Release|x64.Build.0 = Release|x64
		{D7D2B050-0FAC-4326-89AD-C82254541416}.Release|x86.ActiveCfg = Release|Win32
		{D7D2B050-0FAC-4326-89AD-C82254541416}.Release|x86.Build.0 = Release|Win32
		{9E4B5817-A909-4045-8275-7F9418CFABAC}.Debug|x64.ActiveCfg = Debug|x64
		{9E4B5817-A909-4045-8275-7F9418CFABAC}.Debug|x64.Build.0 = Debug|x64
		{9E4B5817-A909-4045-8275-7F9418CFABAC}.Debug|x86.ActiveCfg = Debug|Win32
		{9E4B5817-A909-4045-8275-7F9418CFABAC}.Debug|x86.Build.0 = Debug|Win32
		{9E4B5817-A909-4045-8275-7F9418CFABAC}.Release|x64.ActiveCfg = Release|x64
		{9E4B5817-A909-4045-8275-7F9418CFABAC}.Release|x64.Build.0 = Release|x64
		{9E4B5817-A909-4045-8275-7F9418CFABAC}.Release|x86.ActiveCfg = Release|Win32
		{9E4B5817-A909-4045-8275-7F9418CFABAC}.Release|x86.Build.0 = Release|Win32
	EndGlobalSection
	GlobalSection(SolutionProperties) = preSolution
		HideSolutionNode = FALSE
	EndGlobalSection
	GlobalSection(ExtensibilityGlobals) = postSolution
		SolutionGuid = {46D1651E-BB5B-4628-B2C7-28D95851657F}
	EndGlobalSection
EndGlobal
