// !$*UTF8*$!
{
	archiveVersion = 1;
	classes = {
	};
	objectVersion = 46;
	objects = {

/* Begin PBXBuildFile section */
		5848C4AE241B9ED700406164 /* main.c in Sources */ = {isa = PBXBuildFile; fileRef = 5848C4AD241B9ED700406164 /* main.c */; };
		5848C4B3241C4D1E00406164 /* MattsOscs.cpp in Sources */ = {isa = PBXBuildFile; fileRef = 5848C4B1241C4D1E00406164 /* MattsOscs.cpp */; };
		5848C4B4241C4D1E00406164 /* MattsOscs.hpp in Headers */ = {isa = PBXBuildFile; fileRef = 5848C4B2241C4D1E00406164 /* MattsOscs.hpp */; };
		5848C4B7241C4DB300406164 /* MattsOscsCinterface.cpp in Sources */ = {isa = PBXBuildFile; fileRef = 5848C4B5241C4DB300406164 /* MattsOscsCinterface.cpp */; };
		5848C4B8241C4DB300406164 /* MattsOscsCinterface.h in Headers */ = {isa = PBXBuildFile; fileRef = 5848C4B6241C4DB300406164 /* MattsOscsCinterface.h */; };
		58DE3CB5241A627E00056E4B /* main.c in Sources */ = {isa = PBXBuildFile; fileRef = 5802D04D241A613300FC7563 /* main.c */; settings = {COMPILER_FLAGS = "-D MAXMSP"; }; };
/* End PBXBuildFile section */

/* Begin PBXFileReference section */
		2FBBEAE508F335360078DB84 /* mymspextern~.mxo */ = {isa = PBXFileReference; explicitFileType = wrapper.cfbundle; includeInIndex = 0; path = "mymspextern~.mxo"; sourceTree = BUILT_PRODUCTS_DIR; };
		5802D04D241A613300FC7563 /* main.c */ = {isa = PBXFileReference; fileEncoding = 4; lastKnownFileType = sourcecode.c.c; path = main.c; sourceTree = "<group>"; };
		5848C4AB241B9E3500406164 /* mspcpp~.mxo */ = {isa = PBXFileReference; explicitFileType = wrapper.cfbundle; includeInIndex = 0; path = "mspcpp~.mxo"; sourceTree = BUILT_PRODUCTS_DIR; };
		5848C4AD241B9ED700406164 /* main.c */ = {isa = PBXFileReference; lastKnownFileType = sourcecode.c.c; path = main.c; sourceTree = "<group>"; };
		5848C4B0241BA55500406164 /* switch_string.h */ = {isa = PBXFileReference; lastKnownFileType = sourcecode.c.h; path = switch_string.h; sourceTree = "<group>"; };
		5848C4B1241C4D1E00406164 /* MattsOscs.cpp */ = {isa = PBXFileReference; lastKnownFileType = sourcecode.cpp.cpp; path = MattsOscs.cpp; sourceTree = "<group>"; };
		5848C4B2241C4D1E00406164 /* MattsOscs.hpp */ = {isa = PBXFileReference; lastKnownFileType = sourcecode.cpp.h; path = MattsOscs.hpp; sourceTree = "<group>"; };
		5848C4B5241C4DB300406164 /* MattsOscsCinterface.cpp */ = {isa = PBXFileReference; lastKnownFileType = sourcecode.cpp.cpp; path = MattsOscsCinterface.cpp; sourceTree = "<group>"; };
		5848C4B6241C4DB300406164 /* MattsOscsCinterface.h */ = {isa = PBXFileReference; lastKnownFileType = sourcecode.c.h; path = MattsOscsCinterface.h; sourceTree = "<group>"; };
		5868BA8D241A6C1600152060 /* maxmspsdk.xcconfig */ = {isa = PBXFileReference; fileEncoding = 4; lastKnownFileType = text.xcconfig; path = maxmspsdk.xcconfig; sourceTree = "<group>"; };
/* End PBXFileReference section */

/* Begin PBXFrameworksBuildPhase section */
		2FBBEADC08F335360078DB84 /* Frameworks */ = {
			isa = PBXFrameworksBuildPhase;
			buildActionMask = 2147483647;
			files = (
			);
			runOnlyForDeploymentPostprocessing = 0;
		};
		5848C4A6241B9E3500406164 /* Frameworks */ = {
			isa = PBXFrameworksBuildPhase;
			buildActionMask = 2147483647;
			files = (
			);
			runOnlyForDeploymentPostprocessing = 0;
		};
/* End PBXFrameworksBuildPhase section */

/* Begin PBXGroup section */
		089C166AFE841209C02AAC07 /* iterator */ = {
			isa = PBXGroup;
			children = (
				5868BA8D241A6C1600152060 /* maxmspsdk.xcconfig */,
				5848C4AC241B9EB100406164 /* mspcpp */,
				5802D04C241A613300FC7563 /* src */,
				19C28FB4FE9D528D11CA2CBB /* Products */,
			);
			name = iterator;
			sourceTree = "<group>";
		};
		19C28FB4FE9D528D11CA2CBB /* Products */ = {
			isa = PBXGroup;
			children = (
				2FBBEAE508F335360078DB84 /* mymspextern~.mxo */,
				5848C4AB241B9E3500406164 /* mspcpp~.mxo */,
			);
			name = Products;
			sourceTree = "<group>";
		};
		5802D04C241A613300FC7563 /* src */ = {
			isa = PBXGroup;
			children = (
				5802D04D241A613300FC7563 /* main.c */,
			);
			name = src;
			path = ../src;
			sourceTree = "<group>";
		};
		5848C4AC241B9EB100406164 /* mspcpp */ = {
			isa = PBXGroup;
			children = (
				5848C4AF241BA07A00406164 /* cpp_files */,
				5848C4AD241B9ED700406164 /* main.c */,
				5848C4B0241BA55500406164 /* switch_string.h */,
			);
			path = mspcpp;
			sourceTree = "<group>";
		};
		5848C4AF241BA07A00406164 /* cpp_files */ = {
			isa = PBXGroup;
			children = (
				5848C4B1241C4D1E00406164 /* MattsOscs.cpp */,
				5848C4B2241C4D1E00406164 /* MattsOscs.hpp */,
				5848C4B5241C4DB300406164 /* MattsOscsCinterface.cpp */,
				5848C4B6241C4DB300406164 /* MattsOscsCinterface.h */,
			);
			path = cpp_files;
			sourceTree = "<group>";
		};
/* End PBXGroup section */

/* Begin PBXHeadersBuildPhase section */
		2FBBEAD708F335360078DB84 /* Headers */ = {
			isa = PBXHeadersBuildPhase;
			buildActionMask = 2147483647;
			files = (
			);
			runOnlyForDeploymentPostprocessing = 0;
		};
		5848C4A1241B9E3500406164 /* Headers */ = {
			isa = PBXHeadersBuildPhase;
			buildActionMask = 2147483647;
			files = (
				5848C4B8241C4DB300406164 /* MattsOscsCinterface.h in Headers */,
				5848C4B4241C4D1E00406164 /* MattsOscs.hpp in Headers */,
			);
			runOnlyForDeploymentPostprocessing = 0;
		};
/* End PBXHeadersBuildPhase section */

/* Begin PBXNativeTarget section */
		2FBBEAD608F335360078DB84 /* max-external */ = {
			isa = PBXNativeTarget;
			buildConfigurationList = 2FBBEAE008F335360078DB84 /* Build configuration list for PBXNativeTarget "max-external" */;
			buildPhases = (
				2FBBEAD708F335360078DB84 /* Headers */,
				2FBBEAD808F335360078DB84 /* Resources */,
				2FBBEADA08F335360078DB84 /* Sources */,
				2FBBEADC08F335360078DB84 /* Frameworks */,
				2FBBEADF08F335360078DB84 /* Rez */,
			);
			buildRules = (
			);
			dependencies = (
			);
			name = "max-external";
			productName = iterator;
			productReference = 2FBBEAE508F335360078DB84 /* mymspextern~.mxo */;
			productType = "com.apple.product-type.bundle";
		};
		5848C4A0241B9E3500406164 /* mspcpp~ */ = {
			isa = PBXNativeTarget;
			buildConfigurationList = 5848C4A8241B9E3500406164 /* Build configuration list for PBXNativeTarget "mspcpp~" */;
			buildPhases = (
				5848C4A1241B9E3500406164 /* Headers */,
				5848C4A2241B9E3500406164 /* Resources */,
				5848C4A4241B9E3500406164 /* Sources */,
				5848C4A6241B9E3500406164 /* Frameworks */,
				5848C4A7241B9E3500406164 /* Rez */,
			);
			buildRules = (
			);
			dependencies = (
			);
			name = "mspcpp~";
			productName = iterator;
			productReference = 5848C4AB241B9E3500406164 /* mspcpp~.mxo */;
			productType = "com.apple.product-type.bundle";
		};
/* End PBXNativeTarget section */

/* Begin PBXProject section */
		089C1669FE841209C02AAC07 /* Project object */ = {
			isa = PBXProject;
			attributes = {
				LastUpgradeCheck = 1130;
			};
			buildConfigurationList = 2FBBEACF08F335010078DB84 /* Build configuration list for PBXProject "mymspextern~" */;
			compatibilityVersion = "Xcode 3.2";
			developmentRegion = English;
			hasScannedForEncodings = 1;
			knownRegions = (
				English,
				Japanese,
				French,
				German,
			);
			mainGroup = 089C166AFE841209C02AAC07 /* iterator */;
			projectDirPath = "";
			projectRoot = "";
			targets = (
				2FBBEAD608F335360078DB84 /* max-external */,
				5848C4A0241B9E3500406164 /* mspcpp~ */,
			);
		};
/* End PBXProject section */

/* Begin PBXResourcesBuildPhase section */
		2FBBEAD808F335360078DB84 /* Resources */ = {
			isa = PBXResourcesBuildPhase;
			buildActionMask = 2147483647;
			files = (
			);
			runOnlyForDeploymentPostprocessing = 0;
		};
		5848C4A2241B9E3500406164 /* Resources */ = {
			isa = PBXResourcesBuildPhase;
			buildActionMask = 2147483647;
			files = (
			);
			runOnlyForDeploymentPostprocessing = 0;
		};
/* End PBXResourcesBuildPhase section */

/* Begin PBXRezBuildPhase section */
		2FBBEADF08F335360078DB84 /* Rez */ = {
			isa = PBXRezBuildPhase;
			buildActionMask = 2147483647;
			files = (
			);
			runOnlyForDeploymentPostprocessing = 0;
		};
		5848C4A7241B9E3500406164 /* Rez */ = {
			isa = PBXRezBuildPhase;
			buildActionMask = 2147483647;
			files = (
			);
			runOnlyForDeploymentPostprocessing = 0;
		};
/* End PBXRezBuildPhase section */

/* Begin PBXSourcesBuildPhase section */
		2FBBEADA08F335360078DB84 /* Sources */ = {
			isa = PBXSourcesBuildPhase;
			buildActionMask = 2147483647;
			files = (
				58DE3CB5241A627E00056E4B /* main.c in Sources */,
			);
			runOnlyForDeploymentPostprocessing = 0;
		};
		5848C4A4241B9E3500406164 /* Sources */ = {
			isa = PBXSourcesBuildPhase;
			buildActionMask = 2147483647;
			files = (
				5848C4AE241B9ED700406164 /* main.c in Sources */,
				5848C4B7241C4DB300406164 /* MattsOscsCinterface.cpp in Sources */,
				5848C4B3241C4D1E00406164 /* MattsOscs.cpp in Sources */,
			);
			runOnlyForDeploymentPostprocessing = 0;
		};
/* End PBXSourcesBuildPhase section */

/* Begin XCBuildConfiguration section */
		2FBBEAD008F335010078DB84 /* Development */ = {
			isa = XCBuildConfiguration;
			buildSettings = {
				CLANG_ANALYZER_LOCALIZABILITY_NONLOCALIZED = YES;
				CLANG_WARN_BLOCK_CAPTURE_AUTORELEASING = YES;
				CLANG_WARN_BOOL_CONVERSION = YES;
				CLANG_WARN_COMMA = YES;
				CLANG_WARN_CONSTANT_CONVERSION = YES;
				CLANG_WARN_DEPRECATED_OBJC_IMPLEMENTATIONS = YES;
				CLANG_WARN_EMPTY_BODY = YES;
				CLANG_WARN_ENUM_CONVERSION = YES;
				CLANG_WARN_INFINITE_RECURSION = YES;
				CLANG_WARN_INT_CONVERSION = YES;
				CLANG_WARN_NON_LITERAL_NULL_CONVERSION = YES;
				CLANG_WARN_OBJC_IMPLICIT_RETAIN_SELF = YES;
				CLANG_WARN_OBJC_LITERAL_CONVERSION = YES;
				CLANG_WARN_RANGE_LOOP_ANALYSIS = YES;
				CLANG_WARN_STRICT_PROTOTYPES = YES;
				CLANG_WARN_SUSPICIOUS_MOVE = YES;
				CLANG_WARN_UNREACHABLE_CODE = YES;
				CLANG_WARN__DUPLICATE_METHOD_MATCH = YES;
				ENABLE_STRICT_OBJC_MSGSEND = YES;
				ENABLE_TESTABILITY = YES;
				GCC_NO_COMMON_BLOCKS = YES;
				GCC_WARN_64_TO_32_BIT_CONVERSION = YES;
				GCC_WARN_ABOUT_RETURN_TYPE = YES;
				GCC_WARN_UNDECLARED_SELECTOR = YES;
				GCC_WARN_UNINITIALIZED_AUTOS = YES;
				GCC_WARN_UNUSED_FUNCTION = YES;
				GCC_WARN_UNUSED_VARIABLE = YES;
				ONLY_ACTIVE_ARCH = YES;
				SDKROOT = "../macos-sdk/MacOSX10.11.sdk";
			};
			name = Development;
		};
		2FBBEAD108F335010078DB84 /* Deployment */ = {
			isa = XCBuildConfiguration;
			buildSettings = {
				CLANG_ANALYZER_LOCALIZABILITY_NONLOCALIZED = YES;
				CLANG_WARN_BLOCK_CAPTURE_AUTORELEASING = YES;
				CLANG_WARN_BOOL_CONVERSION = YES;
				CLANG_WARN_COMMA = YES;
				CLANG_WARN_CONSTANT_CONVERSION = YES;
				CLANG_WARN_DEPRECATED_OBJC_IMPLEMENTATIONS = YES;
				CLANG_WARN_EMPTY_BODY = YES;
				CLANG_WARN_ENUM_CONVERSION = YES;
				CLANG_WARN_INFINITE_RECURSION = YES;
				CLANG_WARN_INT_CONVERSION = YES;
				CLANG_WARN_NON_LITERAL_NULL_CONVERSION = YES;
				CLANG_WARN_OBJC_IMPLICIT_RETAIN_SELF = YES;
				CLANG_WARN_OBJC_LITERAL_CONVERSION = YES;
				CLANG_WARN_RANGE_LOOP_ANALYSIS = YES;
				CLANG_WARN_STRICT_PROTOTYPES = YES;
				CLANG_WARN_SUSPICIOUS_MOVE = YES;
				CLANG_WARN_UNREACHABLE_CODE = YES;
				CLANG_WARN__DUPLICATE_METHOD_MATCH = YES;
				ENABLE_STRICT_OBJC_MSGSEND = YES;
				GCC_NO_COMMON_BLOCKS = YES;
				GCC_WARN_64_TO_32_BIT_CONVERSION = YES;
				GCC_WARN_ABOUT_RETURN_TYPE = YES;
				GCC_WARN_UNDECLARED_SELECTOR = YES;
				GCC_WARN_UNINITIALIZED_AUTOS = YES;
				GCC_WARN_UNUSED_FUNCTION = YES;
				GCC_WARN_UNUSED_VARIABLE = YES;
				SDKROOT = "../macos-sdk/MacOSX10.11.sdk";
			};
			name = Deployment;
		};
		2FBBEAE108F335360078DB84 /* Development */ = {
			isa = XCBuildConfiguration;
			baseConfigurationReference = 5868BA8D241A6C1600152060 /* maxmspsdk.xcconfig */;
			buildSettings = {
				C74_SYM_LINKER_FLAGS = "@$(C74SUPPORT)/max-includes/c74_linker_flags.txt\"";
				CLANG_ENABLE_OBJC_WEAK = YES;
				COPY_PHASE_STRIP = NO;
				GCC_OPTIMIZATION_LEVEL = 0;
				GCC_PREFIX_HEADER = "$(C74SUPPORT)/max-includes/macho-prefix.pch";
				INFOPLIST_FILE = "";
				PRODUCT_BUNDLE_IDENTIFIER = "com.cycling74.${PRODUCT_NAME:rfc1034identifier}";
				PRODUCT_NAME = "mymspextern~";
				SDKROOT = "../macos-sdk/MacOSX10.11.sdk";
			};
			name = Development;
		};
		2FBBEAE208F335360078DB84 /* Deployment */ = {
			isa = XCBuildConfiguration;
			baseConfigurationReference = 5868BA8D241A6C1600152060 /* maxmspsdk.xcconfig */;
			buildSettings = {
				C74_SYM_LINKER_FLAGS = "@$(C74SUPPORT)/max-includes/c74_linker_flags.txt\"";
				CLANG_ENABLE_OBJC_WEAK = YES;
				COPY_PHASE_STRIP = YES;
				GCC_PREFIX_HEADER = "$(C74SUPPORT)/max-includes/macho-prefix.pch";
				INFOPLIST_FILE = "";
				PRODUCT_BUNDLE_IDENTIFIER = "com.cycling74.${PRODUCT_NAME:rfc1034identifier}";
				PRODUCT_NAME = "mymspextern~";
				SDKROOT = "../macos-sdk/MacOSX10.11.sdk";
			};
			name = Deployment;
		};
		5848C4A9241B9E3500406164 /* Development */ = {
			isa = XCBuildConfiguration;
			baseConfigurationReference = 5868BA8D241A6C1600152060 /* maxmspsdk.xcconfig */;
			buildSettings = {
				C74_SYM_LINKER_FLAGS = "@$(C74SUPPORT)/max-includes/c74_linker_flags.txt\"";
				CLANG_ENABLE_OBJC_WEAK = YES;
				COPY_PHASE_STRIP = NO;
				GCC_OPTIMIZATION_LEVEL = 0;
				GCC_PREFIX_HEADER = "$(C74SUPPORT)/max-includes/macho-prefix.pch";
				INFOPLIST_FILE = "";
				PRODUCT_BUNDLE_IDENTIFIER = "com.cycling74.${PRODUCT_NAME:rfc1034identifier}";
				PRODUCT_NAME = "$(TARGET_NAME)";
				SDKROOT = "../macos-sdk/MacOSX10.11.sdk";
			};
			name = Development;
		};
		5848C4AA241B9E3500406164 /* Deployment */ = {
			isa = XCBuildConfiguration;
			baseConfigurationReference = 5868BA8D241A6C1600152060 /* maxmspsdk.xcconfig */;
			buildSettings = {
				C74_SYM_LINKER_FLAGS = "@$(C74SUPPORT)/max-includes/c74_linker_flags.txt\"";
				CLANG_ENABLE_OBJC_WEAK = YES;
				COPY_PHASE_STRIP = YES;
				GCC_PREFIX_HEADER = "$(C74SUPPORT)/max-includes/macho-prefix.pch";
				INFOPLIST_FILE = "";
				PRODUCT_BUNDLE_IDENTIFIER = "com.cycling74.${PRODUCT_NAME:rfc1034identifier}";
				PRODUCT_NAME = "$(TARGET_NAME)";
				SDKROOT = "../macos-sdk/MacOSX10.11.sdk";
			};
			name = Deployment;
		};
/* End XCBuildConfiguration section */

/* Begin XCConfigurationList section */
		2FBBEACF08F335010078DB84 /* Build configuration list for PBXProject "mymspextern~" */ = {
			isa = XCConfigurationList;
			buildConfigurations = (
				2FBBEAD008F335010078DB84 /* Development */,
				2FBBEAD108F335010078DB84 /* Deployment */,
			);
			defaultConfigurationIsVisible = 0;
			defaultConfigurationName = Development;
		};
		2FBBEAE008F335360078DB84 /* Build configuration list for PBXNativeTarget "max-external" */ = {
			isa = XCConfigurationList;
			buildConfigurations = (
				2FBBEAE108F335360078DB84 /* Development */,
				2FBBEAE208F335360078DB84 /* Deployment */,
			);
			defaultConfigurationIsVisible = 0;
			defaultConfigurationName = Development;
		};
		5848C4A8241B9E3500406164 /* Build configuration list for PBXNativeTarget "mspcpp~" */ = {
			isa = XCConfigurationList;
			buildConfigurations = (
				5848C4A9241B9E3500406164 /* Development */,
				5848C4AA241B9E3500406164 /* Deployment */,
			);
			defaultConfigurationIsVisible = 0;
			defaultConfigurationName = Development;
		};
/* End XCConfigurationList section */
	};
	rootObject = 089C1669FE841209C02AAC07 /* Project object */;
}
